
Microsoft Visual Studio Solution File, Format Version 12.00
# Visual Studio Version 16
VisualStudioVersion = 16.0.29709.97
MinimumVisualStudioVersion = 10.0.40219.1
Project("{FAE04EC0-301F-11D3-BF4B-00C04F79EFBC}") = "StudentGet", "StudentGet\StudentGet.csproj", "{3CEAC772-EA2A-488B-96B4-B28318AE03CE}"
EndProject
Global
	GlobalSection(SolutionConfigurationPlatforms) = preSolution
		Debug|Any CPU = Debug|Any CPU
		Release|Any CPU = Release|Any CPU
	EndGlobalSection
	GlobalSection(ProjectConfigurationPlatforms) = postSolution
		{3CEAC772-EA2A-488B-96B4-B28318AE03CE}.Debug|Any CPU.ActiveCfg = Debug|Any CPU
		{3CEAC772-EA2A-488B-96B4-B28318AE03CE}.Debug|Any CPU.Build.0 = Debug|Any CPU
		{3CEAC772-EA2A-488B-96B4-B28318AE03CE}.Release|Any CPU.ActiveCfg = Release|Any CPU
		{3CEAC772-EA2A-488B-96B4-B28318AE03CE}.Release|Any CPU.Build.0 = Release|Any CPU
	EndGlobalSection
	GlobalSection(SolutionProperties) = preSolution
		HideSolutionNode = FALSE
	EndGlobalSection
	GlobalSection(ExtensibilityGlobals) = postSolution
		SolutionGuid = {B6F502B8-4778-4AC0-979D-E086196FA997}
	EndGlobalSection
EndGlobal
